<?xml version="1.0" encoding="utf-8"?>
<Project ToolsVersion="4.0" xmlns="http://schemas.microsoft.com/developer/msbuild/2003">
  <ItemGroup>
    <Filter Include="Source Files">
      <UniqueIdentifier>{4FC737F1-C7A5-4376-A066-2A32D752A2FF}</UniqueIdentifier>
      <Extensions>cpp;c;cc;cxx;def;odl;idl;hpj;bat;asm;asmx</Extensions>
    </Filter>
    <Filter Include="Header Files">
      <UniqueIdentifier>{93995380-89BD-4b04-88EB-625FBE52EBFB}</UniqueIdentifier>
      <Extensions>h;hh;hpp;hxx;hm;inl;inc;xsd</Extensions>
    </Filter>
    <Filter Include="Resource Files">
      <UniqueIdentifier>{67DA6AB6-F800-4c08-8B7A-83BB121AAD01}</UniqueIdentifier>
      <Extensions>rc;ico;cur;bmp;dlg;rc2;rct;bin;rgs;gif;jpg;jpeg;jpe;resx;tiff;tif;png;wav;mfcribbon-ms</Extensions>
    </Filter>
  </ItemGroup>
  <ItemGroup>
    <ClCompile Include="src\main.cpp">
      <Filter>Source Files</Filter>
    </ClCompile>
    <ClCompile Include="src\server\Server.cpp">
      <Filter>Source Files</Filter>
    </ClCompile>
    <ClCompile Include="src\shared\Console.cpp">
      <Filter>Source Files</Filter>
    </ClCompile>
    <ClCompile Include="src\client\Client.cpp">
      <Filter>Source Files</Filter>
    </ClCompile>
    <ClCompile Include="src\server\Player.cpp">
      <Filter>Source Files</Filter>
    </ClCompile>
    <ClCompile Include="src\shared\PacketHandler.cpp">
      <Filter>Source Files</Filter>
    </ClCompile>
    <ClCompile Include="src\shared\Galaxy.cpp">
      <Filter>Source Files</Filter>
    </ClCompile>
    <ClCompile Include="src\shared\Star.cpp">
      <Filter>Source Files</Filter>
    </ClCompile>
    <ClCompile Include="src\server\ServerGalaxy.cpp">
      <Filter>Source Files</Filter>
    </ClCompile>
    <ClCompile Include="src\client\ClientGalaxy.cpp">
      <Filter>Source Files</Filter>
    </ClCompile>
    <ClCompile Include="src\shared\Command.cpp">
      <Filter>Source Files</Filter>
    </ClCompile>
    <ClCompile Include="src\client\InputHandler.cpp">
      <Filter>Source Files</Filter>
    </ClCompile>
    <ClCompile Include="src\shared\HeldCommand.cpp">
      <Filter>Source Files</Filter>
    </ClCompile>
    <ClCompile Include="src\shared\CommandHandler.cpp">
      <Filter>Source Files</Filter>
    </ClCompile>
    <ClCompile Include="src\server\commands\BackwardsServerCommand.cpp">
      <Filter>Source Files</Filter>
    </ClCompile>
    <ClCompile Include="src\server\commands\ForwardsServerCommand.cpp">
      <Filter>Source Files</Filter>
    </ClCompile>
    <ClCompile Include="src\server\commands\StrafeLeftServerCommand.cpp">
      <Filter>Source Files</Filter>
    </ClCompile>
    <ClCompile Include="src\server\commands\StrafeRightServerCommand.cpp">
      <Filter>Source Files</Filter>
    </ClCompile>
    <ClCompile Include="src\client\commands\ForwardsClientCommand.cpp">
      <Filter>Source Files</Filter>
    </ClCompile>
    <ClCompile Include="src\client\commands\ClientCommand.cpp">
      <Filter>Source Files</Filter>
    </ClCompile>
    <ClCompile Include="src\server\commands\PlayerCommand.cpp">
      <Filter>Source Files</Filter>
    </ClCompile>
    <ClCompile Include="src\shared\entities\EntityCore.cpp">
      <Filter>Source Files</Filter>
    </ClCompile>
    <ClCompile Include="src\shared\entities\Ship.cpp">
      <Filter>Source Files</Filter>
    </ClCompile>
    <ClCompile Include="src\shared\EntityHandler.cpp">
      <Filter>Source Files</Filter>
    </ClCompile>
    <ClCompile Include="src\shared\Helper.cpp">
      <Filter>Source Files</Filter>
    </ClCompile>
    <ClCompile Include="src\shared\AssetHandler.cpp">
      <Filter>Source Files</Filter>
    </ClCompile>
    <ClCompile Include="src\client\commands\StrafeLeftClientCommand.cpp">
      <Filter>Source Files</Filter>
    </ClCompile>
    <ClCompile Include="src\client\commands\StrafeRightClientCommand.cpp">
      <Filter>Source Files</Filter>
    </ClCompile>
    <ClCompile Include="src\client\commands\BackwardsClientCommand.cpp">
      <Filter>Source Files</Filter>
    </ClCompile>
    <ClCompile Include="src\client\commands\RotateRightClientCommand.cpp">
      <Filter>Source Files</Filter>
    </ClCompile>
    <ClCompile Include="src\client\commands\RotateLeftClientCommand.cpp">
      <Filter>Source Files</Filter>
    </ClCompile>
    <ClCompile Include="src\server\commands\RotateLeftServerCommand.cpp">
      <Filter>Source Files</Filter>
    </ClCompile>
    <ClCompile Include="src\server\commands\RotateRightServerCommand.cpp">
      <Filter>Source Files</Filter>
    </ClCompile>
    <ClCompile Include="src\client\GraphicalConsole.cpp">
      <Filter>Source Files</Filter>
    </ClCompile>
    <ClCompile Include="src\client\commands\ShowConsoleCommand.cpp">
      <Filter>Source Files</Filter>
    </ClCompile>
    <ClCompile Include="src\State.cpp">
      <Filter>Source Files</Filter>
    </ClCompile>
    <ClCompile Include="src\TitleScreen.cpp">
      <Filter>Source Files</Filter>
    </ClCompile>
    <ClCompile Include="src\LocalServerState.cpp">
      <Filter>Source Files</Filter>
    </ClCompile>
    <ClCompile Include="src\ClientState.cpp">
      <Filter>Source Files</Filter>
    </ClCompile>
    <ClCompile Include="src\client\commands\PreciseRotateClientCommand.cpp">
      <Filter>Source Files</Filter>
    </ClCompile>
    <ClCompile Include="src\server\commands\PreciseRotateServerCommand.cpp">
      <Filter>Source Files</Filter>
    </ClCompile>
    <ClCompile Include="src\shared\entities\Planet.cpp">
      <Filter>Source Files</Filter>
    </ClCompile>
    <ClCompile Include="src\client\Background.cpp">
      <Filter>Source Files</Filter>
    </ClCompile>
    <ClCompile Include="src\shared\SolarSystem.cpp">
      <Filter>Source Files</Filter>
    </ClCompile>
    <ClCompile Include="src\server\ServerSolarSystem.cpp">
      <Filter>Source Files</Filter>
    </ClCompile>
    <ClCompile Include="src\client\commands\ShowSystemClientCommand.cpp">
      <Filter>Source Files</Filter>
    </ClCompile>
    <ClCompile Include="src\client\commands\ShowGalaxyClientCommand.cpp">
      <Filter>Source Files</Filter>
    </ClCompile>
    <ClCompile Include="src\client\commands\WarpClientCommand.cpp">
      <Filter>Source Files</Filter>
    </ClCompile>
    <ClCompile Include="src\server\commands\WarpServerCommand.cpp">
      <Filter>Source Files</Filter>
    </ClCompile>
    <ClCompile Include="src\shared\entities\EntityStar.cpp">
      <Filter>Source Files</Filter>
    </ClCompile>
    <ClCompile Include="src\shared\Projectile.cpp">
      <Filter>Source Files</Filter>
    </ClCompile>
    <ClCompile Include="src\client\ClientSolarSystem.cpp">
      <Filter>Source Files</Filter>
    </ClCompile>
  </ItemGroup>
  <ItemGroup>
    <ClInclude Include="src\server\Server.h">
      <Filter>Header Files</Filter>
    </ClInclude>
    <ClInclude Include="src\shared\Console.h">
      <Filter>Header Files</Filter>
    </ClInclude>
    <ClInclude Include="src\client\Client.h">
      <Filter>Header Files</Filter>
    </ClInclude>
    <ClInclude Include="src\server\Player.h">
      <Filter>Header Files</Filter>
    </ClInclude>
    <ClInclude Include="src\shared\PacketHandler.h">
      <Filter>Header Files</Filter>
    </ClInclude>
    <ClInclude Include="src\shared\TSQueue.h">
      <Filter>Header Files</Filter>
    </ClInclude>
    <ClInclude Include="src\shared\Galaxy.h">
      <Filter>Header Files</Filter>
    </ClInclude>
    <ClInclude Include="src\shared\Star.h">
      <Filter>Header Files</Filter>
    </ClInclude>
    <ClInclude Include="src\server\ServerGalaxy.h">
      <Filter>Header Files</Filter>
    </ClInclude>
    <ClInclude Include="src\client\ClientGalaxy.h">
      <Filter>Header Files</Filter>
    </ClInclude>
    <ClInclude Include="src\shared\Command.h">
      <Filter>Header Files</Filter>
    </ClInclude>
    <ClInclude Include="src\client\InputHandler.h">
      <Filter>Header Files</Filter>
    </ClInclude>
    <ClInclude Include="src\shared\HeldCommand.h">
      <Filter>Header Files</Filter>
    </ClInclude>
    <ClInclude Include="src\shared\CommandHandler.h">
      <Filter>Header Files</Filter>
    </ClInclude>
    <ClInclude Include="src\server\commands\ForwardsServerCommand.h">
      <Filter>Header Files</Filter>
    </ClInclude>
    <ClInclude Include="src\server\commands\BackwardsServerCommand.h">
      <Filter>Header Files</Filter>
    </ClInclude>
    <ClInclude Include="src\server\commands\StrafeLeftServerCommand.h">
      <Filter>Header Files</Filter>
    </ClInclude>
    <ClInclude Include="src\server\commands\StrafeRightServerCommand.h">
      <Filter>Header Files</Filter>
    </ClInclude>
    <ClInclude Include="src\client\commands\ForwardsClientCommand.h">
      <Filter>Header Files</Filter>
    </ClInclude>
    <ClInclude Include="src\client\commands\ClientCommand.h">
      <Filter>Header Files</Filter>
    </ClInclude>
    <ClInclude Include="src\server\commands\PlayerCommand.h">
      <Filter>Header Files</Filter>
    </ClInclude>
    <ClInclude Include="src\shared\entities\EntityCore.h">
      <Filter>Header Files</Filter>
    </ClInclude>
    <ClInclude Include="src\shared\entities\Ship.h">
      <Filter>Header Files</Filter>
    </ClInclude>
    <ClInclude Include="src\shared\EntityHandler.h">
      <Filter>Header Files</Filter>
    </ClInclude>
    <ClInclude Include="src\shared\Helper.h">
      <Filter>Header Files</Filter>
    </ClInclude>
    <ClInclude Include="src\shared\AssetHandler.h">
      <Filter>Header Files</Filter>
    </ClInclude>
    <ClInclude Include="src\client\commands\StrafeLeftClientCommand.h">
      <Filter>Header Files</Filter>
    </ClInclude>
    <ClInclude Include="src\client\commands\StrafeRightClientCommand.h">
      <Filter>Header Files</Filter>
    </ClInclude>
    <ClInclude Include="src\client\commands\BackwardsClientCommand.h">
      <Filter>Header Files</Filter>
    </ClInclude>
    <ClInclude Include="src\client\commands\RotateRightClientCommand.h">
      <Filter>Header Files</Filter>
    </ClInclude>
    <ClInclude Include="src\client\commands\RotateLeftClientCommand.h">
      <Filter>Header Files</Filter>
    </ClInclude>
    <ClInclude Include="src\server\commands\RotateLeftServerCommand.h">
      <Filter>Header Files</Filter>
    </ClInclude>
    <ClInclude Include="src\server\commands\RotateRightServerCommand.h">
      <Filter>Header Files</Filter>
    </ClInclude>
    <ClInclude Include="src\client\GraphicalConsole.h">
      <Filter>Header Files</Filter>
    </ClInclude>
    <ClInclude Include="src\client\commands\ShowConsoleCommand.h">
      <Filter>Header Files</Filter>
    </ClInclude>
    <ClInclude Include="src\State.h">
      <Filter>Header Files</Filter>
    </ClInclude>
    <ClInclude Include="src\TitleScreen.h">
      <Filter>Header Files</Filter>
    </ClInclude>
    <ClInclude Include="src\LocalServerState.h">
      <Filter>Header Files</Filter>
    </ClInclude>
    <ClInclude Include="src\ClientState.h">
      <Filter>Header Files</Filter>
    </ClInclude>
    <ClInclude Include="src\client\commands\PreciseRotateClientCommand.h">
      <Filter>Header Files</Filter>
    </ClInclude>
    <ClInclude Include="src\server\commands\PreciseRotateServerCommand.h">
      <Filter>Header Files</Filter>
    </ClInclude>
    <ClInclude Include="src\shared\entities\Planet.h">
      <Filter>Header Files</Filter>
    </ClInclude>
    <ClInclude Include="src\client\Background.h">
      <Filter>Header Files</Filter>
    </ClInclude>
    <ClInclude Include="src\shared\SolarSystem.h">
      <Filter>Header Files</Filter>
    </ClInclude>
    <ClInclude Include="src\server\ServerSolarSystem.h">
      <Filter>Header Files</Filter>
    </ClInclude>
    <ClInclude Include="src\client\commands\ShowSystemClientCommand.h">
      <Filter>Header Files</Filter>
    </ClInclude>
    <ClInclude Include="src\client\commands\ShowGalaxyClientCommand.h">
      <Filter>Header Files</Filter>
    </ClInclude>
    <ClInclude Include="src\client\commands\WarpClientCommand.h">
      <Filter>Header Files</Filter>
    </ClInclude>
    <ClInclude Include="src\server\commands\WarpServerCommand.h">
      <Filter>Header Files</Filter>
    </ClInclude>
    <ClInclude Include="src\shared\entities\EntityStar.h">
      <Filter>Header Files</Filter>
    </ClInclude>
    <ClInclude Include="src\shared\Projectile.h">
      <Filter>Header Files</Filter>
    </ClInclude>
    <ClInclude Include="src\client\ClientSolarSystem.h">
      <Filter>Header Files</Filter>
    </ClInclude>
  </ItemGroup>
</Project>